
Microsoft Visual Studio Solution File, Format Version 12.00
# Visual Studio Version 16
VisualStudioVersion = 16.0.30204.135
MinimumVisualStudioVersion = 10.0.40219.1
Project("{9A19103F-16F7-4668-BE54-9A1E7A4F7556}") = "RaceSimulator", "RaceSimulator\RaceSimulator.csproj", "{ACC49CAC-BC84-4E76-AE78-23DD57EF0F9B}"
EndProject
Project("{9A19103F-16F7-4668-BE54-9A1E7A4F7556}") = "Model", "RaceSimulatorConsoleApp\Model.csproj", "{6474D5B8-F02B-4748-8DEC-A4D011378BE6}"
EndProject
Project("{9A19103F-16F7-4668-BE54-9A1E7A4F7556}") = "Controller", "Controller\Controller.csproj", "{EA01F832-5E70-4896-9605-AB47571AD2CE}"
EndProject
Project("{9A19103F-16F7-4668-BE54-9A1E7A4F7556}") = "Tests", "ControllerTest\Tests.csproj", "{C2619554-247D-44C6-8DC8-1746C9A63CA1}"
EndProject
Project("{FAE04EC0-301F-11D3-BF4B-00C04F79EFBC}") = "Visuals", "Visuals\Visuals.csproj", "{072FF032-8460-4A8D-B084-02FB268023A4}"
EndProject
Global
	GlobalSection(SolutionConfigurationPlatforms) = preSolution
		Debug|Any CPU = Debug|Any CPU
		Release|Any CPU = Release|Any CPU
	EndGlobalSection
	GlobalSection(ProjectConfigurationPlatforms) = postSolution
		{ACC49CAC-BC84-4E76-AE78-23DD57EF0F9B}.Debug|Any CPU.ActiveCfg = Debug|Any CPU
		{ACC49CAC-BC84-4E76-AE78-23DD57EF0F9B}.Debug|Any CPU.Build.0 = Debug|Any CPU
		{ACC49CAC-BC84-4E76-AE78-23DD57EF0F9B}.Release|Any CPU.ActiveCfg = Release|Any CPU
		{ACC49CAC-BC84-4E76-AE78-23DD57EF0F9B}.Release|Any CPU.Build.0 = Release|Any CPU
		{6474D5B8-F02B-4748-8DEC-A4D011378BE6}.Debug|Any CPU.ActiveCfg = Debug|Any CPU
		{6474D5B8-F02B-4748-8DEC-A4D011378BE6}.Debug|Any CPU.Build.0 = Debug|Any CPU
		{6474D5B8-F02B-4748-8DEC-A4D011378BE6}.Release|Any CPU.ActiveCfg = Release|Any CPU
		{6474D5B8-F02B-4748-8DEC-A4D011378BE6}.Release|Any CPU.Build.0 = Release|Any CPU
		{EA01F832-5E70-4896-9605-AB47571AD2CE}.Debug|Any CPU.ActiveCfg = Debug|Any CPU
		{EA01F832-5E70-4896-9605-AB47571AD2CE}.Debug|Any CPU.Build.0 = Debug|Any CPU
		{EA01F832-5E70-4896-9605-AB47571AD2CE}.Release|Any CPU.ActiveCfg = Release|Any CPU
		{EA01F832-5E70-4896-9605-AB47571AD2CE}.Release|Any CPU.Build.0 = Release|Any CPU
		{C2619554-247D-44C6-8DC8-1746C9A63CA1}.Debug|Any CPU.ActiveCfg = Debug|Any CPU
		{C2619554-247D-44C6-8DC8-1746C9A63CA1}.Debug|Any CPU.Build.0 = Debug|Any CPU
		{C2619554-247D-44C6-8DC8-1746C9A63CA1}.Release|Any CPU.ActiveCfg = Release|Any CPU
		{C2619554-247D-44C6-8DC8-1746C9A63CA1}.Release|Any CPU.Build.0 = Release|Any CPU
		{072FF032-8460-4A8D-B084-02FB268023A4}.Debug|Any CPU.ActiveCfg = Debug|Any CPU
		{072FF032-8460-4A8D-B084-02FB268023A4}.Debug|Any CPU.Build.0 = Debug|Any CPU
		{072FF032-8460-4A8D-B084-02FB268023A4}.Release|Any CPU.ActiveCfg = Release|Any CPU
		{072FF032-8460-4A8D-B084-02FB268023A4}.Release|Any CPU.Build.0 = Release|Any CPU
	EndGlobalSection
	GlobalSection(SolutionProperties) = preSolution
		HideSolutionNode = FALSE
	EndGlobalSection
	GlobalSection(ExtensibilityGlobals) = postSolution
		SolutionGuid = {4ECF2C88-9786-418E-A148-6B04E89E2F6E}
	EndGlobalSection
EndGlobal
